block_index: 1
channels: 128
kernel_size: !!python/tuple [1, ]
sequence: [conv1, norm1, activation, dropout]

conv1: !new:speechbrain.nnet.CNN.Conv
    out_channels: !ref <block_index> * <channels>
    kernel_size: !ref <kernel_size>

norm1: !new:speechbrain.nnet.normalization.Normalize
    norm_type: batchnorm

activation: !new:torch.nn.LeakyReLU

dropout: !new:speechbrain.nnet.dropout.Dropout
    drop_rate: 0.5