block_index: 1
sequence: [linear, norm, activation, dropout]

linear: !obj:speechbrain.nnet.linear.Linear
    n_neurons: 512
    bias: True
    combine_dims: False #If True: 4D input will be reshaped

norm: !obj:speechbrain.nnet.normalization.Normalize
    norm_type: batchnorm

activation: !obj:torch.nn.LeakyReLU

dropout: !obj:speechbrain.nnet.dropout.Dropout
    drop_rate: 0.15
