# THIS IS AN AUTOGENERATED FILE. DO NOT EDIT THIS FILE DIRECTLY.
# yarn lockfile v1


"@babel/code-frame@^7.0.0":
  version "7.16.7"
  resolved "https://registry.yarnpkg.com/@babel/code-frame/-/code-frame-7.16.7.tgz#44416b6bd7624b998f5b1af5d470856c40138789"
  integrity sha512-iAXqUn8IIeBTNd72xsFlgaXHkMBMt6y4HJp1tIaK465CWLT/fG1aqB7ykr95gHHmlBdGbFeWWfyB4NJJ0nmeIg==
  dependencies:
    "@babel/highlight" "^7.16.7"

"@babel/helper-validator-identifier@^7.16.7":
  version "7.16.7"
  resolved "https://registry.yarnpkg.com/@babel/helper-validator-identifier/-/helper-validator-identifier-7.16.7.tgz#e8c602438c4a8195751243da9031d1607d247cad"
  integrity sha512-hsEnFemeiW4D08A5gUAZxLBTXpZ39P+a+DGDsHw1yxqyQ/jzFEnxf5uTEGp+3bzAbNOxU1paTgYS4ECU/IgfDw==

"@babel/highlight@^7.16.7":
  version "7.16.10"
  resolved "https://registry.yarnpkg.com/@babel/highlight/-/highlight-7.16.10.tgz#744f2eb81579d6eea753c227b0f570ad785aba88"
  integrity sha512-5FnTQLSLswEj6IkgVw5KusNUUFY9ZGqe/TRFnP/BKYHYgfh7tc+C7mwiy95/yNP7Dh9x580Vv8r7u7ZfTBFxdw==
  dependencies:
    "@babel/helper-validator-identifier" "^7.16.7"
    chalk "^2.0.0"
    js-tokens "^4.0.0"

"@cspell/cspell-bundled-dicts@^5.19.3":
  version "5.19.3"
  resolved "https://registry.yarnpkg.com/@cspell/cspell-bundled-dicts/-/cspell-bundled-dicts-5.19.3.tgz#826e166eb56f193c2d770575adfbb1557816f1af"
  integrity sha512-YAz68AgXTFFtrBUhNJlOQ7KOjUE6ncYt578/esa2GStMJHgJoUtPnOZsE41hh+cVWXqO5yRRI+Qkwub99zLMgQ==
  dependencies:
    "@cspell/dict-ada" "^2.0.0"
    "@cspell/dict-aws" "^2.0.0"
    "@cspell/dict-bash" "^2.0.1"
    "@cspell/dict-companies" "^2.0.3"
    "@cspell/dict-cpp" "^2.0.0"
    "@cspell/dict-cryptocurrencies" "^2.0.0"
    "@cspell/dict-csharp" "^2.0.1"
    "@cspell/dict-css" "^2.0.0"
    "@cspell/dict-dart" "^1.1.0"
    "@cspell/dict-django" "^2.0.0"
    "@cspell/dict-dotnet" "^2.0.1"
    "@cspell/dict-elixir" "^2.0.1"
    "@cspell/dict-en-gb" "^1.1.33"
    "@cspell/dict-en_us" "^2.2.0"
    "@cspell/dict-filetypes" "^2.0.1"
    "@cspell/dict-fonts" "^2.0.0"
    "@cspell/dict-fullstack" "^2.0.4"
    "@cspell/dict-golang" "^2.0.0"
    "@cspell/dict-haskell" "^2.0.0"
    "@cspell/dict-html" "^3.0.1"
    "@cspell/dict-html-symbol-entities" "^2.0.0"
    "@cspell/dict-java" "^2.0.0"
    "@cspell/dict-latex" "^2.0.0"
    "@cspell/dict-lorem-ipsum" "^2.0.0"
    "@cspell/dict-lua" "^2.0.0"
    "@cspell/dict-node" "^2.0.0"
    "@cspell/dict-npm" "^2.0.2"
    "@cspell/dict-php" "^2.0.0"
    "@cspell/dict-powershell" "^2.0.0"
    "@cspell/dict-public-licenses" "^1.0.4"
    "@cspell/dict-python" "^2.0.6"
    "@cspell/dict-r" "^1.0.2"
    "@cspell/dict-ruby" "^2.0.1"
    "@cspell/dict-rust" "^2.0.0"
    "@cspell/dict-scala" "^2.0.0"
    "@cspell/dict-software-terms" "^2.1.4"
    "@cspell/dict-swift" "^1.0.2"
    "@cspell/dict-typescript" "^2.0.0"
    "@cspell/dict-vue" "^2.0.2"

"@cspell/cspell-pipe@^5.19.3":
  version "5.19.3"
  resolved "https://registry.yarnpkg.com/@cspell/cspell-pipe/-/cspell-pipe-5.19.3.tgz#af818c0362786f61ac8741947e1819f94b55ec3b"
  integrity sha512-3RKntgGRxYYzoxoH3VBPvnNMYkHKPq0U+U7qogcWxDkgAUgKXlBP0oc2mw96grJQ4HIzOL1vBnaVAWAqteY9Kw==

"@cspell/cspell-types@^5.19.3":
  version "5.19.3"
  resolved "https://registry.yarnpkg.com/@cspell/cspell-types/-/cspell-types-5.19.3.tgz#37a64db00e33a1c8bb8aa3bf86d503689b3afbf5"
  integrity sha512-tub7PW/I6qB6o+ZtlahAZjm5O5cnzj88HRiC8nAbJFpa7q0mrdpFMYhd7ksWtyFLlNbuDkCsfzXGamAhIQnnIw==

"@cspell/dict-ada@^2.0.0":
  version "2.0.0"
  resolved "https://registry.yarnpkg.com/@cspell/dict-ada/-/dict-ada-2.0.0.tgz#5d31967cbd7a0d12f4b4de3fd5b09e59239cf78b"
  integrity sha512-4gfJEYXVwz6IN2LBaT6QoUV4pqaR35i0z0u9O684vLuVczvNJIHa4vNaSEFBr9d6xxncUyqstgP9P73ajJjh9A==

"@cspell/dict-aws@^2.0.0":
  version "2.0.0"
  resolved "https://registry.yarnpkg.com/@cspell/dict-aws/-/dict-aws-2.0.0.tgz#9af72af4e59e96029dd4335271d87784843cb7dd"
  integrity sha512-NKz7pDZ7pwj/b33i3f4WLpC1rOOUMmENwYgftxU+giU2YBeKM2wZbMTSEIzsrel56r0UlQYmdIVlP/B4nnVaoQ==

"@cspell/dict-bash@^2.0.1":
  version "2.0.1"
  resolved "https://registry.yarnpkg.com/@cspell/dict-bash/-/dict-bash-2.0.1.tgz#76f6be974e9a968235d4e1b04c4ae76b16169057"
  integrity sha512-pBx3T/5w7fPF8XD5cx3NwtRFvNpQYmYqzM043NKP2hDmlx4uFwbH599Lvt5mwCMZKfIoRXaNUQvq7se2gstQjw==

"@cspell/dict-companies@^2.0.3":
  version "2.0.3"
  resolved "https://registry.yarnpkg.com/@cspell/dict-companies/-/dict-companies-2.0.3.tgz#9e0f93a2cc884ff0b98d019123d1dbfb853da872"
  integrity sha512-O622rMAaHm85AmqNyMki5je8HB/1XlTKbGOXh2UUhooI5qdgdfrjTQ6VBuHwHrfEfuODBHYTNYXVB2m23XqHCg==

"@cspell/dict-cpp@^2.0.0":
  version "2.0.0"
  resolved "https://registry.yarnpkg.com/@cspell/dict-cpp/-/dict-cpp-2.0.0.tgz#d5f04b693d96d41d67050cfe3ca0d342e141347b"
  integrity sha512-EflHLs2pHEEXZM6jPfTGR/KHZKQtJlvzqgkg1zaA1YKv5HQNw9Wy5KVPGEV2bjPcFsZJO3xXjO1KBZcoOPjPmA==

"@cspell/dict-cryptocurrencies@^2.0.0":
  version "2.0.0"
  resolved "https://registry.yarnpkg.com/@cspell/dict-cryptocurrencies/-/dict-cryptocurrencies-2.0.0.tgz#a74eecb42a46a96d08b6613fdb5c554529d3afff"
  integrity sha512-nREysmmfOp7L2YCRAUufQahwD5/Punzb5AZ6eyg4zUamdRWHgBFphb5/9h2flt1vgdUfhc6hZcML21Ci7iXjaA==

"@cspell/dict-csharp@^2.0.1":
  version "2.0.1"
  resolved "https://registry.yarnpkg.com/@cspell/dict-csharp/-/dict-csharp-2.0.1.tgz#86ec4fa42ba9a4cc57df28ec7a335b56bf751c5b"
  integrity sha512-ZzAr+WRP2FUtXHZtfhe8f3j9vPjH+5i44Hcr5JqbWxmqciGoTbWBPQXwu9y+J4mbdC69HSWRrVGkNJ8rQk8pSw==

"@cspell/dict-css@^2.0.0":
  version "2.0.0"
  resolved "https://registry.yarnpkg.com/@cspell/dict-css/-/dict-css-2.0.0.tgz#91dca013f16b51144eaea160e144b830f2dad027"
  integrity sha512-MrFyswFHnPh4H0u6IlV4eHy+ZCUrrHzeL161LyTOqCvaKpbZavMgNYXzZqTF9xafO0iLgwKrl+Gkclu1KVBg0Q==

"@cspell/dict-dart@^1.1.0":
  version "1.1.0"
  resolved "https://registry.yarnpkg.com/@cspell/dict-dart/-/dict-dart-1.1.0.tgz#d79689493debdad231efe495bd1460bff1d2f577"
  integrity sha512-bBqZINm+RVjMgUrAhRzv/xx3jc3dkIqO0higPbsK+63IAtMNY3EiQnEO4eapbU+qAhyvICY9hZQZXy5Ux4p+Pw==

"@cspell/dict-django@^2.0.0":
  version "2.0.0"
  resolved "https://registry.yarnpkg.com/@cspell/dict-django/-/dict-django-2.0.0.tgz#a5f5f693a686e5873f9dfb547ee3b3142ef760b1"
  integrity sha512-GkJdJv6cmzrKcmq2/oxTXjKF5uv71r4eTqnFmgPbNBW1t+G4VYpzOf0QrVQrhx2RC4DdW5XfcTf+iS0FxHOTmw==

"@cspell/dict-dotnet@^2.0.1":
  version "2.0.1"
  resolved "https://registry.yarnpkg.com/@cspell/dict-dotnet/-/dict-dotnet-2.0.1.tgz#8ef56df758b63f0a2ba4d8681a427a6861ed34d5"
  integrity sha512-b1n4crJRW0WZVf9Gp/52j/tDtjYiZ3N81fIyfqPlBrjsh/5AivfA697DYwQ2mr8ngNX7RsqRtYNQjealA1rEnQ==

"@cspell/dict-elixir@^2.0.1":
  version "2.0.1"
  resolved "https://registry.yarnpkg.com/@cspell/dict-elixir/-/dict-elixir-2.0.1.tgz#1a9b422215b5edabb84568cfa5c0c70bc164a2ce"
  integrity sha512-eTTTxZt1FqGkM780yFDxsGHvTbWqvlK8YISSccK8FyrB6ULW+uflQlNS5AnWg3uWKC48b7pQott+odYCsPJ+Ow==

"@cspell/dict-en-gb@^1.1.33":
  version "1.1.33"
  resolved "https://registry.yarnpkg.com/@cspell/dict-en-gb/-/dict-en-gb-1.1.33.tgz#7f1fd90fc364a5cb77111b5438fc9fcf9cc6da0e"
  integrity sha512-tKSSUf9BJEV+GJQAYGw5e+ouhEe2ZXE620S7BLKe3ZmpnjlNG9JqlnaBhkIMxKnNFkLY2BP/EARzw31AZnOv4g==

"@cspell/dict-en_us@^2.2.0":
  version "2.2.0"
  resolved "https://registry.yarnpkg.com/@cspell/dict-en_us/-/dict-en_us-2.2.0.tgz#33ee50fac4c42036ce98b9c9925cc86b16b0f2c3"
  integrity sha512-IJWu8MI2NdLyPzekrMi9K+v71b0qjDE+z/BccoMA/APnphqgSNM8BDUAzhio6mPKi1AvPRCNUjk79oiUfp+1Gw==

"@cspell/dict-filetypes@^2.0.1":
  version "2.0.1"
  resolved "https://registry.yarnpkg.com/@cspell/dict-filetypes/-/dict-filetypes-2.0.1.tgz#a77467dad8fee31c28d623f85a15ce6fca3e2fdc"
  integrity sha512-bQ7K3U/3hKO2lpQjObf0veNP/n50qk5CVezSwApMBckf/sAVvDTR1RGAvYdr+vdQnkdQrk6wYmhbshXi0sLDVg==

"@cspell/dict-fonts@^2.0.0":
  version "2.0.0"
  resolved "https://registry.yarnpkg.com/@cspell/dict-fonts/-/dict-fonts-2.0.0.tgz#76e7781b44cdda6933144e15cba80e978c29bd15"
  integrity sha512-AgkTalphfDPtKFPYmEExDcj8rRCh86xlOSXco8tehOEkYVYbksOk9XH0YVH34RFpy93YBd2nnVGLgyGVwagcPw==

"@cspell/dict-fullstack@^2.0.4":
  version "2.0.4"
  resolved "https://registry.yarnpkg.com/@cspell/dict-fullstack/-/dict-fullstack-2.0.4.tgz#d7d1c80863d9fd9bda51346edcc5a72de2cf81b4"
  integrity sha512-+JtYO58QAXnetRN+MGVzI8YbkbFTLpYfl/Cw/tmNqy7U1IDVC4sTXQ2pZvbbeKQWFHBqYvBs0YASV+mTouXYBw==

"@cspell/dict-golang@^2.0.0":
  version "2.0.0"
  resolved "https://registry.yarnpkg.com/@cspell/dict-golang/-/dict-golang-2.0.0.tgz#a392533780c9fc3dc959f1358d09f7a6c6d82656"
  integrity sha512-rUeZJR/S/ZjAsOURtxsAO6xDQhL0IzF458ScahaeOqe0zVL3tx7tCLikCgT92NWPs3BNqmsZGqYSDbn/1KsSIA==

"@cspell/dict-haskell@^2.0.0":
  version "2.0.0"
  resolved "https://registry.yarnpkg.com/@cspell/dict-haskell/-/dict-haskell-2.0.0.tgz#9e7e58eba2b4633221650dcdcc43f73588b48119"
  integrity sha512-cjX1Br+gSWqtcmJD/IMHz1UoP3pUaKIIKy/JfhEs7ANtRt6hhfEKe9dl2kQzDkkKt4pXol+YgdYxL/sVc/nLgQ==

"@cspell/dict-html-symbol-entities@^2.0.0":
  version "2.0.0"
  resolved "https://registry.yarnpkg.com/@cspell/dict-html-symbol-entities/-/dict-html-symbol-entities-2.0.0.tgz#a25d39e62bd2dd7191ca5612714aa0a1b90ca10f"
  integrity sha512-71S5wGCe7dq6C+zGDwsEAe5msub/irrLi6SExeG11a/EkpA3RKAEheDGPk0hOY4+vOcIFHaApxOjLTtgQfYWfA==

"@cspell/dict-html@^3.0.1":
  version "3.0.1"
  resolved "https://registry.yarnpkg.com/@cspell/dict-html/-/dict-html-3.0.1.tgz#d5d10ef9b62361d8250cf9fe8564606993faa9df"
  integrity sha512-sbuFd+nSjgbrGf5eYwSddFhm1eLLePKWyH6Zn8Zb0OODrBK5e4vGn1/scI/MOH5a2IvNs8W9wp84uMBFJcQZtw==

"@cspell/dict-java@^2.0.0":
  version "2.0.0"
  resolved "https://registry.yarnpkg.com/@cspell/dict-java/-/dict-java-2.0.0.tgz#76252cee8f04e099ac6dae0f45f22257088060a7"
  integrity sha512-9f5LDATlAiXRGqxLxgqbOLlQxuMW2zcN7tBgxwtN+4u90vM03ZUOR/gKIuDV/y0ZuAiWBIjA73cjk8DJ13Q1eA==

"@cspell/dict-latex@^2.0.0":
  version "2.0.0"
  resolved "https://registry.yarnpkg.com/@cspell/dict-latex/-/dict-latex-2.0.0.tgz#0b13b6522d305f5842833ec0179078d900714f65"
  integrity sha512-H6RRwbHhQ9ARoO1R57SDqB+q/J5jUDdVnkdfukJkA+HNlJBhCcDuzGOIJqr+GBkJYDkF3obZ3LEOk2lUfT+Eyg==

"@cspell/dict-lorem-ipsum@^2.0.0":
  version "2.0.0"
  resolved "https://registry.yarnpkg.com/@cspell/dict-lorem-ipsum/-/dict-lorem-ipsum-2.0.0.tgz#47f2a9ec24808cdf8417457ae8f5a588f33c338c"
  integrity sha512-jKogAKtqvgPMleL6usyj3rZ0m8sVUR6drrD+wMnWSfdx1BmUyTsYiuh/mPEfLAebaYHELWSLQG3rDZRvV9Riqg==

"@cspell/dict-lua@^2.0.0":
  version "2.0.0"
  resolved "https://registry.yarnpkg.com/@cspell/dict-lua/-/dict-lua-2.0.0.tgz#b96d0363a28ac7e0483ad03edb21705c4f951459"
  integrity sha512-7WUEBEspSKtsq104WdIys1+DLqAxpJPzw74Py1TuE3fI5GvlzeSZkRFP2ya54GB2lCO4C3mq4M8EnitpibVDfw==

"@cspell/dict-node@^2.0.0":
  version "2.0.0"
  resolved "https://registry.yarnpkg.com/@cspell/dict-node/-/dict-node-2.0.0.tgz#f89ca72deac5bfc7ccd46b6b8880fad52ab44843"
  integrity sha512-tPPl3liJORa/l6AoYqh/7rjoM7bdtaIXnIN6ox7CE0flZcBS5rWOB6mzEY3rpu/XJX0pjbBiIoqrolDkVl1RTQ==

"@cspell/dict-npm@^2.0.2":
  version "2.0.2"
  resolved "https://registry.yarnpkg.com/@cspell/dict-npm/-/dict-npm-2.0.2.tgz#8ad78bc23d10aa1dd295bf2de6078a02d3a91766"
  integrity sha512-Q5ua0aeKTxW4WxvtU+UMdct46hCStOTeEiiG8iinTh/mH5brmdtMEj4olO8+mmkAKPpIC4TI3TmaaN6RN+Vpgw==

"@cspell/dict-php@^2.0.0":
  version "2.0.0"
  resolved "https://registry.yarnpkg.com/@cspell/dict-php/-/dict-php-2.0.0.tgz#5d42f7df7c1da89fe19c2ccfe1bf61231d183990"
  integrity sha512-29WgU77eTO985LvMHwPi1pcpfopfCWfTdffDyqya0JIfOSaFUrlYKzGPkE4mRxcz2G3hXsaM0SRvBNdIRwEdUg==

"@cspell/dict-powershell@^2.0.0":
  version "2.0.0"
  resolved "https://registry.yarnpkg.com/@cspell/dict-powershell/-/dict-powershell-2.0.0.tgz#6e8ae7381b1928dfaf8f5a625f8fae6e8d93f224"
  integrity sha512-6uvEhLiGmG3u9TFkM1TYcky6aL9Yk7Sk3KJwoTYBaQJY2KqrprgyQtW6yxIw9oU52VRHlq3KKvSAA9Q26+SIkQ==

"@cspell/dict-public-licenses@^1.0.4":
  version "1.0.4"
  resolved "https://registry.yarnpkg.com/@cspell/dict-public-licenses/-/dict-public-licenses-1.0.4.tgz#13c2af357e7139bf3896eba58e0feb9f51053b3f"
  integrity sha512-h4xULfVEDUeWyvp1OO19pcGDqWcBEQ7WGMp3QBHyYpjsamlzsyYYjCRSY2ZvpM7wruDmywSRFmRHJ/+uNFT7nA==

"@cspell/dict-python@^2.0.6":
  version "2.0.6"
  resolved "https://registry.yarnpkg.com/@cspell/dict-python/-/dict-python-2.0.6.tgz#2c1b4f61d72c582db03382f72f08fb4192dcd378"
  integrity sha512-54ICgMRiGwavorg8UJC38Fwx8tW8WKj8pimJmFUd0F/ImQ8wmeg4VrmyMach5MZVUaw1qUe2aP5uSyqA15Q0mg==

"@cspell/dict-r@^1.0.2":
  version "1.0.2"
  resolved "https://registry.yarnpkg.com/@cspell/dict-r/-/dict-r-1.0.2.tgz#4f21b240427e9bbaab8f82e0e20122d6b3cf7cee"
  integrity sha512-Rp3d4sgD6izW9TW5yVI3D//3HTl9oOGBuzTvXRdoHksVPRvzIu2liVhj8MnQ3XIRe5Kc6IhLBAm6izuV2BpGwQ==

"@cspell/dict-ruby@^2.0.1":
  version "2.0.1"
  resolved "https://registry.yarnpkg.com/@cspell/dict-ruby/-/dict-ruby-2.0.1.tgz#1cbd4d8803428bd421a5562b2d2bb4b3bae80bce"
  integrity sha512-qGqhYfFeoBOashv/l0Kj5o4ilyvfq0s+t+r32juPOkOnbHz+hzxnJo2tMMg/L/UdjVV7Y8ovg4LDBC/seVrMYQ==

"@cspell/dict-rust@^2.0.0":
  version "2.0.0"
  resolved "https://registry.yarnpkg.com/@cspell/dict-rust/-/dict-rust-2.0.0.tgz#89acc6c251164b09c424d23abb5ee560a4484ee6"
  integrity sha512-EWlQivTKXMU3TTcq/Pi6KPKTQADknasQ700UrxRPzxhwQ4sKVZ88GDu6VZJlsbFUz8Vko289KS6wjiox/7WpmQ==

"@cspell/dict-scala@^2.0.0":
  version "2.0.0"
  resolved "https://registry.yarnpkg.com/@cspell/dict-scala/-/dict-scala-2.0.0.tgz#b8098103bb03a13406c1c79f1769052353aafac4"
  integrity sha512-MUwA2YKpqaQOSR4V1/CVGRNk8Ii5kf6I8Ch+4/BhRZRQXuwWbi21rDRYWPqdQWps7VNzAbbMA+PQDWsD5YY38g==

"@cspell/dict-software-terms@^2.1.4":
  version "2.1.4"
  resolved "https://registry.yarnpkg.com/@cspell/dict-software-terms/-/dict-software-terms-2.1.4.tgz#4a3e1d62abcaa237b98510638e279bae7712e97f"
  integrity sha512-MB2eT9qhbnIEJajGv+ndzzi6S8NCJ9cMyeGJYMoRAiJobTKP6xPrT37VjPzhckRtrHJGG//UgtQ4NsiK5aBITw==

"@cspell/dict-swift@^1.0.2":
  version "1.0.2"
  resolved "https://registry.yarnpkg.com/@cspell/dict-swift/-/dict-swift-1.0.2.tgz#8d8f7f7a5c8d7cbcdb46fcf4526938ce9cb687a4"
  integrity sha512-IrMcRO7AYB2qU5cj4ttZyEbd04DRNOG6Iha106qGGmn4P096m+Y7lOnSLJx/rZbD/cAT3Z/7i465Lr1J93j7yg==

"@cspell/dict-typescript@^2.0.0":
  version "2.0.0"
  resolved "https://registry.yarnpkg.com/@cspell/dict-typescript/-/dict-typescript-2.0.0.tgz#c1ce88dcb1b480623eb537670d11844047539a53"
  integrity sha512-WFBahxsnD2y4Os14tE5Zxh31Ggn4DzGOAu3UoxYl1lLLxaszx4RH7LmAeFuznySboiaBeRBbpfJOjQA796O6VQ==

"@cspell/dict-vue@^2.0.2":
  version "2.0.2"
  resolved "https://registry.yarnpkg.com/@cspell/dict-vue/-/dict-vue-2.0.2.tgz#8618b9f4825b3d80e1788082c19ac9c15832463e"
  integrity sha512-/MB0RS0Gn01s4pgmjy0FvsLfr3RRMrRphEuvTRserNcM8XVtoIVAtrjig/Gg0DPwDrN8Clm0L1j7iQay6S8D0g==

"@types/parse-json@^4.0.0":
  version "4.0.0"
  resolved "https://registry.yarnpkg.com/@types/parse-json/-/parse-json-4.0.0.tgz#2f8bb441434d163b35fb8ffdccd7138927ffb8c0"
  integrity sha512-//oorEZjL6sbPcKUaCdIGlIUeH26mgzimjBB77G6XRgnDl/L5wOnpyBGRe/Mmf5CVW3PwEBE1NjiMZ/ssFh4wA==

ansi-regex@^5.0.1:
  version "5.0.1"
  resolved "https://registry.yarnpkg.com/ansi-regex/-/ansi-regex-5.0.1.tgz#082cb2c89c9fe8659a311a53bd6a4dc5301db304"
  integrity sha512-quJQXlTSUGL2LH9SUXo8VwsY4soanhgo6LNSm84E1LBcE8s3O0wpdiRzyR9z/ZZJMlMWv37qOOb9pdJlMUEKFQ==

ansi-styles@^3.2.1:
  version "3.2.1"
  resolved "https://registry.yarnpkg.com/ansi-styles/-/ansi-styles-3.2.1.tgz#41fbb20243e50b12be0f04b8dedbf07520ce841d"
  integrity sha512-VT0ZI6kZRdTh8YyJw3SMbYm/u+NqfsAxEpWO0Pf9sq8/e94WxxOpPKx9FR1FlyCtOVDNOQ+8ntlqFxiRc+r5qA==
  dependencies:
    color-convert "^1.9.0"

ansi-styles@^4.1.0:
  version "4.3.0"
  resolved "https://registry.yarnpkg.com/ansi-styles/-/ansi-styles-4.3.0.tgz#edd803628ae71c04c85ae7a0906edad34b648937"
  integrity sha512-zbB9rCJAT1rbjiVDb2hqKFHNYLxgtk8NURxZ3IZwD3F6NtxbXZQCnnSi1Lkx+IDohdPlFp222wVALIheZJQSEg==
  dependencies:
    color-convert "^2.0.1"

array-timsort@^1.0.3:
  version "1.0.3"
  resolved "https://registry.yarnpkg.com/array-timsort/-/array-timsort-1.0.3.tgz#3c9e4199e54fb2b9c3fe5976396a21614ef0d926"
  integrity sha512-/+3GRL7dDAGEfM6TseQk/U+mi18TU2Ms9I3UlLdUMhz2hbvGNTKdj9xniwXfUqgYhHxRx0+8UnKkvlNwVU+cWQ==

balanced-match@^1.0.0:
  version "1.0.2"
  resolved "https://registry.yarnpkg.com/balanced-match/-/balanced-match-1.0.2.tgz#e83e3a7e3f300b34cb9d87f615fa0cbf357690ee"
  integrity sha512-3oSeUO0TMV67hN1AmbXsK4yaqU7tjiHlbxRDZOpH0KW9+CeX4bRAaX0Anxt0tx2MrpRpWwQaPwIlISEJhYU5Pw==

brace-expansion@^1.1.7:
  version "1.1.11"
  resolved "https://registry.yarnpkg.com/brace-expansion/-/brace-expansion-1.1.11.tgz#3c7fcbf529d87226f3d2f52b966ff5271eb441dd"
  integrity sha512-iCuPHDFgrHX7H2vEI/5xpz07zSHB00TpugqhmYtVmMO6518mCuRMoOYFldEBl0g187ufozdaHgWKcYFb61qGiA==
  dependencies:
    balanced-match "^1.0.0"
    concat-map "0.0.1"

braces@^3.0.2:
  version "3.0.2"
  resolved "https://registry.yarnpkg.com/braces/-/braces-3.0.2.tgz#3454e1a462ee8d599e236df336cd9ea4f8afe107"
  integrity sha512-b8um+L1RzM3WDSzvhm6gIz1yfTbBt6YTlcEKAvsmqCZZFw46z626lVj9j1yEPW33H5H+lBQpZMP1k8l+78Ha0A==
  dependencies:
    fill-range "^7.0.1"

callsites@^3.0.0, callsites@^3.1.0:
  version "3.1.0"
  resolved "https://registry.yarnpkg.com/callsites/-/callsites-3.1.0.tgz#b3630abd8943432f54b3f0519238e33cd7df2f73"
  integrity sha512-P8BjAsXvZS+VIDUI11hHCQEv74YT67YUi5JJFNWIqL235sBmjX4+qx9Muvls5ivyNENctx46xQLQ3aTuE7ssaQ==

chalk@^2.0.0:
  version "2.4.2"
  resolved "https://registry.yarnpkg.com/chalk/-/chalk-2.4.2.tgz#cd42541677a54333cf541a49108c1432b44c9424"
  integrity sha512-Mti+f9lpJNcwF4tWV8/OrTTtF1gZi+f8FqlyAdouralcFWFQWF2+NgCHShjkCb+IFBLq9buZwE1xckQU4peSuQ==
  dependencies:
    ansi-styles "^3.2.1"
    escape-string-regexp "^1.0.5"
    supports-color "^5.3.0"

chalk@^4.1.2:
  version "4.1.2"
  resolved "https://registry.yarnpkg.com/chalk/-/chalk-4.1.2.tgz#aac4e2b7734a740867aeb16bf02aad556a1e7a01"
  integrity sha512-oKnbhFyRIXpUuez8iBMmyEa4nbj4IOQyuhc/wy9kY7/WVPcwIO9VA668Pu8RkO7+0G76SLROeyw9CpQ061i4mA==
  dependencies:
    ansi-styles "^4.1.0"
    supports-color "^7.1.0"

clear-module@^4.1.2:
  version "4.1.2"
  resolved "https://registry.yarnpkg.com/clear-module/-/clear-module-4.1.2.tgz#5a58a5c9f8dccf363545ad7284cad3c887352a80"
  integrity sha512-LWAxzHqdHsAZlPlEyJ2Poz6AIs384mPeqLVCru2p0BrP9G/kVGuhNyZYClLO6cXlnuJjzC8xtsJIuMjKqLXoAw==
  dependencies:
    parent-module "^2.0.0"
    resolve-from "^5.0.0"

color-convert@^1.9.0:
  version "1.9.3"
  resolved "https://registry.yarnpkg.com/color-convert/-/color-convert-1.9.3.tgz#bb71850690e1f136567de629d2d5471deda4c1e8"
  integrity sha512-QfAUtd+vFdAtFQcC8CCyYt1fYWxSqAiK2cSD6zDB8N3cpsEBAvRxp9zOGg6G/SHHJYAT88/az/IuDGALsNVbGg==
  dependencies:
    color-name "1.1.3"

color-convert@^2.0.1:
  version "2.0.1"
  resolved "https://registry.yarnpkg.com/color-convert/-/color-convert-2.0.1.tgz#72d3a68d598c9bdb3af2ad1e84f21d896abd4de3"
  integrity sha512-RRECPsj7iu/xb5oKYcsFHSppFNnsj/52OVTRKb4zP5onXwVF3zVmmToNcOfGC+CRDpfK/U584fMg38ZHCaElKQ==
  dependencies:
    color-name "~1.1.4"

color-name@1.1.3:
  version "1.1.3"
  resolved "https://registry.yarnpkg.com/color-name/-/color-name-1.1.3.tgz#a7d0558bd89c42f795dd42328f740831ca53bc25"
  integrity sha1-p9BVi9icQveV3UIyj3QIMcpTvCU=

color-name@~1.1.4:
  version "1.1.4"
  resolved "https://registry.yarnpkg.com/color-name/-/color-name-1.1.4.tgz#c2a09a87acbde69543de6f63fa3995c826c536a2"
  integrity sha512-dOy+3AuW3a2wNbZHIuMZpTcgjGuLU/uBL/ubcZF9OXbDo8ff4O8yVp5Bf0efS8uEoYo5q4Fx7dY9OgQGXgAsQA==

commander@^9.1.0:
  version "9.1.0"
  resolved "https://registry.yarnpkg.com/commander/-/commander-9.1.0.tgz#a6b263b2327f2e188c6402c42623327909f2dbec"
  integrity sha512-i0/MaqBtdbnJ4XQs4Pmyb+oFQl+q0lsAmokVUH92SlSw4fkeAcG3bVon+Qt7hmtF+u3Het6o4VgrcY3qAoEB6w==

comment-json@^4.2.2:
  version "4.2.2"
  resolved "https://registry.yarnpkg.com/comment-json/-/comment-json-4.2.2.tgz#5fae70a94e0c8f84a077bd31df5aa5269252f293"
  integrity sha512-H8T+kl3nZesZu41zO2oNXIJWojNeK3mHxCLrsBNu6feksBXsgb+PtYz5daP5P86A0F3sz3840KVYehr04enISQ==
  dependencies:
    array-timsort "^1.0.3"
    core-util-is "^1.0.3"
    esprima "^4.0.1"
    has-own-prop "^2.0.0"
    repeat-string "^1.6.1"

concat-map@0.0.1:
  version "0.0.1"
  resolved "https://registry.yarnpkg.com/concat-map/-/concat-map-0.0.1.tgz#d8a96bd77fd68df7793a73036a3ba0d5405d477b"
  integrity sha1-2Klr13/Wjfd5OnMDajug1UBdR3s=

configstore@^5.0.1:
  version "5.0.1"
  resolved "https://registry.yarnpkg.com/configstore/-/configstore-5.0.1.tgz#d365021b5df4b98cdd187d6a3b0e3f6a7cc5ed96"
  integrity sha512-aMKprgk5YhBNyH25hj8wGt2+D52Sw1DRRIzqBwLp2Ya9mFmY8KPvvtvmna8SxVR9JMZ4kzMD68N22vlaRpkeFA==
  dependencies:
    dot-prop "^5.2.0"
    graceful-fs "^4.1.2"
    make-dir "^3.0.0"
    unique-string "^2.0.0"
    write-file-atomic "^3.0.0"
    xdg-basedir "^4.0.0"

core-util-is@^1.0.3:
  version "1.0.3"
  resolved "https://registry.yarnpkg.com/core-util-is/-/core-util-is-1.0.3.tgz#a6042d3634c2b27e9328f837b965fac83808db85"
  integrity sha512-ZQBvi1DcpJ4GDqanjucZ2Hj3wEO5pZDS89BWbkcrvdxksJorwUDDZamX9ldFkp9aw2lmBDLgkObEA4DWNJ9FYQ==

cosmiconfig@^7.0.1:
  version "7.0.1"
  resolved "https://registry.yarnpkg.com/cosmiconfig/-/cosmiconfig-7.0.1.tgz#714d756522cace867867ccb4474c5d01bbae5d6d"
  integrity sha512-a1YWNUV2HwGimB7dU2s1wUMurNKjpx60HxBB6xUM8Re+2s1g1IIfJvFR0/iCF+XHdE0GMTKTuLR32UQff4TEyQ==
  dependencies:
    "@types/parse-json" "^4.0.0"
    import-fresh "^3.2.1"
    parse-json "^5.0.0"
    path-type "^4.0.0"
    yaml "^1.10.0"

crypto-random-string@^2.0.0:
  version "2.0.0"
  resolved "https://registry.yarnpkg.com/crypto-random-string/-/crypto-random-string-2.0.0.tgz#ef2a7a966ec11083388369baa02ebead229b30d5"
  integrity sha512-v1plID3y9r/lPhviJ1wrXpLeyUIGAZ2SHNYTEapm7/8A9nLPoyvVp3RK/EPFqn5kEznyWgYZNsRtYYIWbuG8KA==

cspell-gitignore@^5.19.3:
  version "5.19.3"
  resolved "https://registry.yarnpkg.com/cspell-gitignore/-/cspell-gitignore-5.19.3.tgz#c27780dc1b43cb48705dc3695c3875f001d7b038"
  integrity sha512-Q67uHcf0qNgOoanRLhatapjWpLiftT+MuLIyAaSLe5eNVzQurQIc+UnXhtaslkVyOTqQt4NJFqLgtf5ZSGz1bg==
  dependencies:
    cspell-glob "^5.19.3"
    find-up "^5.0.0"

cspell-glob@^5.19.3:
  version "5.19.3"
  resolved "https://registry.yarnpkg.com/cspell-glob/-/cspell-glob-5.19.3.tgz#f6b423523a0c2d77d244ecfc7c48ef320f4d122a"
  integrity sha512-qp2Oe/euzTu3e0zZrQxHuTrqRo418tYfh4CnCa+DKU6lWKKcF4zCEhOGJHPsYak8SFIXZ4ZE360wHFxB/JDutQ==
  dependencies:
    micromatch "^4.0.4"

cspell-io@^5.19.3:
  version "5.19.3"
  resolved "https://registry.yarnpkg.com/cspell-io/-/cspell-io-5.19.3.tgz#89ab249dc53206651a7833399a83b04a7d8a8a63"
  integrity sha512-dE9eBvHgIJ11DelWtyehMU3W3bCpcB+0nS6uOZJ2d8fDu13m5BebpLrXZ2dKfY4cjksJUhRPatt14uwQSeUp2A==

cspell-lib@^5.19.3:
  version "5.19.3"
  resolved "https://registry.yarnpkg.com/cspell-lib/-/cspell-lib-5.19.3.tgz#6efc9ee5620d427e2f20c000b60a3b3d0ce6cd4c"
  integrity sha512-peMJggwJpxCXKZZ0DuHyDtZmf66POKaHf5Im8LGEyMKFARUIq6O2WvaUGggYjyRe3Ng/f5G+EYTcIHbF9pZYcg==
  dependencies:
    "@cspell/cspell-bundled-dicts" "^5.19.3"
    "@cspell/cspell-pipe" "^5.19.3"
    "@cspell/cspell-types" "^5.19.3"
    clear-module "^4.1.2"
    comment-json "^4.2.2"
    configstore "^5.0.1"
    cosmiconfig "^7.0.1"
    cspell-glob "^5.19.3"
    cspell-io "^5.19.3"
    cspell-trie-lib "^5.19.3"
    fast-equals "^3.0.0"
    find-up "^5.0.0"
    fs-extra "^10.0.1"
    gensequence "^3.1.1"
    import-fresh "^3.3.0"
    resolve-from "^5.0.0"
    resolve-global "^1.0.0"
    vscode-languageserver-textdocument "^1.0.4"
    vscode-uri "^3.0.3"

cspell-trie-lib@^5.19.3:
  version "5.19.3"
  resolved "https://registry.yarnpkg.com/cspell-trie-lib/-/cspell-trie-lib-5.19.3.tgz#0a0f8d9300f95188f2f2b1831bd7fea2e9c9d6ee"
  integrity sha512-Io8EB7E1pmttHzZvgvPEF0b87qlq8G5uA4B+sbqCxrUf5l4JDcK/UYLih0+rekLTbv4Q68zqgCTASvqxgqnoAg==
  dependencies:
    "@cspell/cspell-pipe" "^5.19.3"
    fs-extra "^10.0.1"
    gensequence "^3.1.1"

cspell@^5.19.3:
  version "5.19.3"
  resolved "https://registry.yarnpkg.com/cspell/-/cspell-5.19.3.tgz#0f2c6cf529fb3f0b721b380f81b04e9c22272c05"
  integrity sha512-JJBH8iqtHYmxqLQZ+7GAMTVvc6SAoHVgn1tdYknOI2/uxAbZVH29eaxINY7JfjwPuxPPVAvttRetBAIRiu6ZYw==
  dependencies:
    "@cspell/cspell-pipe" "^5.19.3"
    chalk "^4.1.2"
    commander "^9.1.0"
    comment-json "^4.2.2"
    cspell-gitignore "^5.19.3"
    cspell-glob "^5.19.3"
    cspell-lib "^5.19.3"
    fast-json-stable-stringify "^2.1.0"
    file-entry-cache "^6.0.1"
    fs-extra "^10.0.1"
    get-stdin "^8.0.0"
    glob "^7.2.0"
    imurmurhash "^0.1.4"
    semver "^7.3.5"
    strip-ansi "^6.0.1"
    vscode-uri "^3.0.3"

dot-prop@^5.2.0:
  version "5.3.0"
  resolved "https://registry.yarnpkg.com/dot-prop/-/dot-prop-5.3.0.tgz#90ccce708cd9cd82cc4dc8c3ddd9abdd55b20e88"
  integrity sha512-QM8q3zDe58hqUqjraQOmzZ1LIH9SWQJTlEKCH4kJ2oQvLZk7RbQXvtDM2XEq3fwkV9CCvvH4LA0AV+ogFsBM2Q==
  dependencies:
    is-obj "^2.0.0"

error-ex@^1.3.1:
  version "1.3.2"
  resolved "https://registry.yarnpkg.com/error-ex/-/error-ex-1.3.2.tgz#b4ac40648107fdcdcfae242f428bea8a14d4f1bf"
  integrity sha512-7dFHNmqeFSEt2ZBsCriorKnn3Z2pj+fd9kmI6QoWw4//DL+icEBfc0U7qJCisqrTsKTjw4fNFy2pW9OqStD84g==
  dependencies:
    is-arrayish "^0.2.1"

escape-string-regexp@^1.0.5:
  version "1.0.5"
  resolved "https://registry.yarnpkg.com/escape-string-regexp/-/escape-string-regexp-1.0.5.tgz#1b61c0562190a8dff6ae3bb2cf0200ca130b86d4"
  integrity sha1-G2HAViGQqN/2rjuyzwIAyhMLhtQ=

esprima@^4.0.1:
  version "4.0.1"
  resolved "https://registry.yarnpkg.com/esprima/-/esprima-4.0.1.tgz#13b04cdb3e6c5d19df91ab6987a8695619b0aa71"
  integrity sha512-eGuFFw7Upda+g4p+QHvnW0RyTX/SVeJBDM/gCtMARO0cLuT2HcEKnTPvhjV6aGeqrCB/sbNop0Kszm0jsaWU4A==

fast-equals@^3.0.0:
  version "3.0.0"
  resolved "https://registry.yarnpkg.com/fast-equals/-/fast-equals-3.0.0.tgz#efbe679d4c0d74040f61d4dda3e6bcb3bdccab82"
  integrity sha512-Af7nSOpf7617idrFg0MJY6x7yVDPoO80aSwtKTC0afT8B/SsmvTpA+2a+uPLmhVF5IHmY5NPuBAA3dJrp55rJA==

fast-json-stable-stringify@^2.1.0:
  version "2.1.0"
  resolved "https://registry.yarnpkg.com/fast-json-stable-stringify/-/fast-json-stable-stringify-2.1.0.tgz#874bf69c6f404c2b5d99c481341399fd55892633"
  integrity sha512-lhd/wF+Lk98HZoTCtlVraHtfh5XYijIjalXck7saUtuanSDyLMxnHhSXEDJqHxD7msR8D0uCmqlkwjCV8xvwHw==

file-entry-cache@^6.0.1:
  version "6.0.1"
  resolved "https://registry.yarnpkg.com/file-entry-cache/-/file-entry-cache-6.0.1.tgz#211b2dd9659cb0394b073e7323ac3c933d522027"
  integrity sha512-7Gps/XWymbLk2QLYK4NzpMOrYjMhdIxXuIvy2QBsLE6ljuodKvdkWs/cpyJJ3CVIVpH0Oi1Hvg1ovbMzLdFBBg==
  dependencies:
    flat-cache "^3.0.4"

fill-range@^7.0.1:
  version "7.0.1"
  resolved "https://registry.yarnpkg.com/fill-range/-/fill-range-7.0.1.tgz#1919a6a7c75fe38b2c7c77e5198535da9acdda40"
  integrity sha512-qOo9F+dMUmC2Lcb4BbVvnKJxTPjCm+RRpe4gDuGrzkL7mEVl/djYSu2OdQ2Pa302N4oqkSg9ir6jaLWJ2USVpQ==
  dependencies:
    to-regex-range "^5.0.1"

find-up@^5.0.0:
  version "5.0.0"
  resolved "https://registry.yarnpkg.com/find-up/-/find-up-5.0.0.tgz#4c92819ecb7083561e4f4a240a86be5198f536fc"
  integrity sha512-78/PXT1wlLLDgTzDs7sjq9hzz0vXD+zn+7wypEe4fXQxCmdmqfGsEPQxmiCSQI3ajFV91bVSsvNtrJRiW6nGng==
  dependencies:
    locate-path "^6.0.0"
    path-exists "^4.0.0"

flat-cache@^3.0.4:
  version "3.0.4"
  resolved "https://registry.yarnpkg.com/flat-cache/-/flat-cache-3.0.4.tgz#61b0338302b2fe9f957dcc32fc2a87f1c3048b11"
  integrity sha512-dm9s5Pw7Jc0GvMYbshN6zchCA9RgQlzzEZX3vylR9IqFfS8XciblUXOKfW6SiuJ0e13eDYZoZV5wdrev7P3Nwg==
  dependencies:
    flatted "^3.1.0"
    rimraf "^3.0.2"

flatted@^3.1.0:
  version "3.2.5"
  resolved "https://registry.yarnpkg.com/flatted/-/flatted-3.2.5.tgz#76c8584f4fc843db64702a6bd04ab7a8bd666da3"
  integrity sha512-WIWGi2L3DyTUvUrwRKgGi9TwxQMUEqPOPQBVi71R96jZXJdFskXEmf54BoZaS1kknGODoIGASGEzBUYdyMCBJg==

fs-extra@^10.0.1:
  version "10.0.1"
  resolved "https://registry.yarnpkg.com/fs-extra/-/fs-extra-10.0.1.tgz#27de43b4320e833f6867cc044bfce29fdf0ef3b8"
  integrity sha512-NbdoVMZso2Lsrn/QwLXOy6rm0ufY2zEOKCDzJR/0kBsb0E6qed0P3iYK+Ath3BfvXEeu4JhEtXLgILx5psUfag==
  dependencies:
    graceful-fs "^4.2.0"
    jsonfile "^6.0.1"
    universalify "^2.0.0"

fs.realpath@^1.0.0:
  version "1.0.0"
  resolved "https://registry.yarnpkg.com/fs.realpath/-/fs.realpath-1.0.0.tgz#1504ad2523158caa40db4a2787cb01411994ea4f"
  integrity sha1-FQStJSMVjKpA20onh8sBQRmU6k8=

gensequence@^3.1.1:
  version "3.1.1"
  resolved "https://registry.yarnpkg.com/gensequence/-/gensequence-3.1.1.tgz#95c1afc7c0680f92942c17f2d6f83f3d26ea97af"
  integrity sha512-ys3h0hiteRwmY6BsvSttPmkhC0vEQHPJduANBRtH/dlDPZ0UBIb/dXy80IcckXyuQ6LKg+PloRqvGER9IS7F7g==

get-stdin@^8.0.0:
  version "8.0.0"
  resolved "https://registry.yarnpkg.com/get-stdin/-/get-stdin-8.0.0.tgz#cbad6a73feb75f6eeb22ba9e01f89aa28aa97a53"
  integrity sha512-sY22aA6xchAzprjyqmSEQv4UbAAzRN0L2dQB0NlN5acTTK9Don6nhoc3eAbUnpZiCANAMfd/+40kVdKfFygohg==

glob@^7.1.3, glob@^7.2.0:
  version "7.2.0"
  resolved "https://registry.yarnpkg.com/glob/-/glob-7.2.0.tgz#d15535af7732e02e948f4c41628bd910293f6023"
  integrity sha512-lmLf6gtyrPq8tTjSmrO94wBeQbFR3HbLHbuyD69wuyQkImp2hWqMGB47OX65FBkPffO641IP9jWa1z4ivqG26Q==
  dependencies:
    fs.realpath "^1.0.0"
    inflight "^1.0.4"
    inherits "2"
    minimatch "^3.0.4"
    once "^1.3.0"
    path-is-absolute "^1.0.0"

global-dirs@^0.1.1:
  version "0.1.1"
  resolved "https://registry.yarnpkg.com/global-dirs/-/global-dirs-0.1.1.tgz#b319c0dd4607f353f3be9cca4c72fc148c49f445"
  integrity sha1-sxnA3UYH81PzvpzKTHL8FIxJ9EU=
  dependencies:
    ini "^1.3.4"

graceful-fs@^4.1.2, graceful-fs@^4.1.6, graceful-fs@^4.2.0:
  version "4.2.9"
  resolved "https://registry.yarnpkg.com/graceful-fs/-/graceful-fs-4.2.9.tgz#041b05df45755e587a24942279b9d113146e1c96"
  integrity sha512-NtNxqUcXgpW2iMrfqSfR73Glt39K+BLwWsPs94yR63v45T0Wbej7eRmL5cWfwEgqXnmjQp3zaJTshdRW/qC2ZQ==

has-flag@^3.0.0:
  version "3.0.0"
  resolved "https://registry.yarnpkg.com/has-flag/-/has-flag-3.0.0.tgz#b5d454dc2199ae225699f3467e5a07f3b955bafd"
  integrity sha1-tdRU3CGZriJWmfNGfloH87lVuv0=

has-flag@^4.0.0:
  version "4.0.0"
  resolved "https://registry.yarnpkg.com/has-flag/-/has-flag-4.0.0.tgz#944771fd9c81c81265c4d6941860da06bb59479b"
  integrity sha512-EykJT/Q1KjTWctppgIAgfSO0tKVuZUjhgMr17kqTumMl6Afv3EISleU7qZUzoXDFTAHTDC4NOoG/ZxU3EvlMPQ==

has-own-prop@^2.0.0:
  version "2.0.0"
  resolved "https://registry.yarnpkg.com/has-own-prop/-/has-own-prop-2.0.0.tgz#f0f95d58f65804f5d218db32563bb85b8e0417af"
  integrity sha512-Pq0h+hvsVm6dDEa8x82GnLSYHOzNDt7f0ddFa3FqcQlgzEiptPqL+XrOJNavjOzSYiYWIrgeVYYgGlLmnxwilQ==

import-fresh@^3.2.1, import-fresh@^3.3.0:
  version "3.3.0"
  resolved "https://registry.yarnpkg.com/import-fresh/-/import-fresh-3.3.0.tgz#37162c25fcb9ebaa2e6e53d5b4d88ce17d9e0c2b"
  integrity sha512-veYYhQa+D1QBKznvhUHxb8faxlrwUnxseDAbAp457E0wLNio2bOSKnjYDhMj+YiAq61xrMGhQk9iXVk5FzgQMw==
  dependencies:
    parent-module "^1.0.0"
    resolve-from "^4.0.0"

imurmurhash@^0.1.4:
  version "0.1.4"
  resolved "https://registry.yarnpkg.com/imurmurhash/-/imurmurhash-0.1.4.tgz#9218b9b2b928a238b13dc4fb6b6d576f231453ea"
  integrity sha1-khi5srkoojixPcT7a21XbyMUU+o=

inflight@^1.0.4:
  version "1.0.6"
  resolved "https://registry.yarnpkg.com/inflight/-/inflight-1.0.6.tgz#49bd6331d7d02d0c09bc910a1075ba8165b56df9"
  integrity sha1-Sb1jMdfQLQwJvJEKEHW6gWW1bfk=
  dependencies:
    once "^1.3.0"
    wrappy "1"

inherits@2:
  version "2.0.4"
  resolved "https://registry.yarnpkg.com/inherits/-/inherits-2.0.4.tgz#0fa2c64f932917c3433a0ded55363aae37416b7c"
  integrity sha512-k/vGaX4/Yla3WzyMCvTQOXYeIHvqOKtnqBduzTHpzpQZzAskKMhZ2K+EnBiSM9zGSoIFeMpXKxa4dYeZIQqewQ==

ini@^1.3.4:
  version "1.3.8"
  resolved "https://registry.yarnpkg.com/ini/-/ini-1.3.8.tgz#a29da425b48806f34767a4efce397269af28432c"
  integrity sha512-JV/yugV2uzW5iMRSiZAyDtQd+nxtUnjeLt0acNdw98kKLrvuRVyB80tsREOE7yvGVgalhZ6RNXCmEHkUKBKxew==

is-arrayish@^0.2.1:
  version "0.2.1"
  resolved "https://registry.yarnpkg.com/is-arrayish/-/is-arrayish-0.2.1.tgz#77c99840527aa8ecb1a8ba697b80645a7a926a9d"
  integrity sha1-d8mYQFJ6qOyxqLppe4BkWnqSap0=

is-number@^7.0.0:
  version "7.0.0"
  resolved "https://registry.yarnpkg.com/is-number/-/is-number-7.0.0.tgz#7535345b896734d5f80c4d06c50955527a14f12b"
  integrity sha512-41Cifkg6e8TylSpdtTpeLVMqvSBEVzTttHvERD741+pnZ8ANv0004MRL43QKPDlK9cGvNp6NZWZUBlbGXYxxng==

is-obj@^2.0.0:
  version "2.0.0"
  resolved "https://registry.yarnpkg.com/is-obj/-/is-obj-2.0.0.tgz#473fb05d973705e3fd9620545018ca8e22ef4982"
  integrity sha512-drqDG3cbczxxEJRoOXcOjtdp1J/lyp1mNn0xaznRs8+muBhgQcrnbspox5X5fOw0HnMnbfDzvnEMEtqDEJEo8w==

is-typedarray@^1.0.0:
  version "1.0.0"
  resolved "https://registry.yarnpkg.com/is-typedarray/-/is-typedarray-1.0.0.tgz#e479c80858df0c1b11ddda6940f96011fcda4a9a"
  integrity sha1-5HnICFjfDBsR3dppQPlgEfzaSpo=

js-tokens@^4.0.0:
  version "4.0.0"
  resolved "https://registry.yarnpkg.com/js-tokens/-/js-tokens-4.0.0.tgz#19203fb59991df98e3a287050d4647cdeaf32499"
  integrity sha512-RdJUflcE3cUzKiMqQgsCu06FPu9UdIJO0beYbPhHN4k6apgJtifcoCtT9bcxOpYBtpD2kCM6Sbzg4CausW/PKQ==

json-parse-even-better-errors@^2.3.0:
  version "2.3.1"
  resolved "https://registry.yarnpkg.com/json-parse-even-better-errors/-/json-parse-even-better-errors-2.3.1.tgz#7c47805a94319928e05777405dc12e1f7a4ee02d"
  integrity sha512-xyFwyhro/JEof6Ghe2iz2NcXoj2sloNsWr/XsERDK/oiPCfaNhl5ONfp+jQdAZRQQ0IJWNzH9zIZF7li91kh2w==

jsonfile@^6.0.1:
  version "6.1.0"
  resolved "https://registry.yarnpkg.com/jsonfile/-/jsonfile-6.1.0.tgz#bc55b2634793c679ec6403094eb13698a6ec0aae"
  integrity sha512-5dgndWOriYSm5cnYaJNhalLNDKOqFwyDB/rr1E9ZsGciGvKPs8R2xYGCacuf3z6K1YKDz182fd+fY3cn3pMqXQ==
  dependencies:
    universalify "^2.0.0"
  optionalDependencies:
    graceful-fs "^4.1.6"

lines-and-columns@^1.1.6:
  version "1.2.4"
  resolved "https://registry.yarnpkg.com/lines-and-columns/-/lines-and-columns-1.2.4.tgz#eca284f75d2965079309dc0ad9255abb2ebc1632"
  integrity sha512-7ylylesZQ/PV29jhEDl3Ufjo6ZX7gCqJr5F7PKrqc93v7fzSymt1BpwEU8nAUXs8qzzvqhbjhK5QZg6Mt/HkBg==

locate-path@^6.0.0:
  version "6.0.0"
  resolved "https://registry.yarnpkg.com/locate-path/-/locate-path-6.0.0.tgz#55321eb309febbc59c4801d931a72452a681d286"
  integrity sha512-iPZK6eYjbxRu3uB4/WZ3EsEIMJFMqAoopl3R+zuq0UjcAm/MO6KCweDgPfP3elTztoKP3KtnVHxTn2NHBSDVUw==
  dependencies:
    p-locate "^5.0.0"

lru-cache@^6.0.0:
  version "6.0.0"
  resolved "https://registry.yarnpkg.com/lru-cache/-/lru-cache-6.0.0.tgz#6d6fe6570ebd96aaf90fcad1dafa3b2566db3a94"
  integrity sha512-Jo6dJ04CmSjuznwJSS3pUeWmd/H0ffTlkXXgwZi+eq1UCmqQwCh+eLsYOYCwY991i2Fah4h1BEMCx4qThGbsiA==
  dependencies:
    yallist "^4.0.0"

make-dir@^3.0.0:
  version "3.1.0"
  resolved "https://registry.yarnpkg.com/make-dir/-/make-dir-3.1.0.tgz#415e967046b3a7f1d185277d84aa58203726a13f"
  integrity sha512-g3FeP20LNwhALb/6Cz6Dd4F2ngze0jz7tbzrD2wAV+o9FeNHe4rL+yK2md0J/fiSf1sa1ADhXqi5+oVwOM/eGw==
  dependencies:
    semver "^6.0.0"

micromatch@^4.0.4:
  version "4.0.5"
  resolved "https://registry.yarnpkg.com/micromatch/-/micromatch-4.0.5.tgz#bc8999a7cbbf77cdc89f132f6e467051b49090c6"
  integrity sha512-DMy+ERcEW2q8Z2Po+WNXuw3c5YaUSFjAO5GsJqfEl7UjvtIuFKO6ZrKvcItdy98dwFI2N1tg3zNIdKaQT+aNdA==
  dependencies:
    braces "^3.0.2"
    picomatch "^2.3.1"

minimatch@^3.0.4:
  version "3.1.2"
  resolved "https://registry.yarnpkg.com/minimatch/-/minimatch-3.1.2.tgz#19cd194bfd3e428f049a70817c038d89ab4be35b"
  integrity sha512-J7p63hRiAjw1NDEww1W7i37+ByIrOWO5XQQAzZ3VOcL0PNybwpfmV/N05zFAzwQ9USyEcX6t3UO+K5aqBQOIHw==
  dependencies:
    brace-expansion "^1.1.7"

once@^1.3.0:
  version "1.4.0"
  resolved "https://registry.yarnpkg.com/once/-/once-1.4.0.tgz#583b1aa775961d4b113ac17d9c50baef9dd76bd1"
  integrity sha1-WDsap3WWHUsROsF9nFC6753Xa9E=
  dependencies:
    wrappy "1"

p-limit@^3.0.2:
  version "3.1.0"
  resolved "https://registry.yarnpkg.com/p-limit/-/p-limit-3.1.0.tgz#e1daccbe78d0d1388ca18c64fea38e3e57e3706b"
  integrity sha512-TYOanM3wGwNGsZN2cVTYPArw454xnXj5qmWF1bEoAc4+cU/ol7GVh7odevjp1FNHduHc3KZMcFduxU5Xc6uJRQ==
  dependencies:
    yocto-queue "^0.1.0"

p-locate@^5.0.0:
  version "5.0.0"
  resolved "https://registry.yarnpkg.com/p-locate/-/p-locate-5.0.0.tgz#83c8315c6785005e3bd021839411c9e110e6d834"
  integrity sha512-LaNjtRWUBY++zB5nE/NwcaoMylSPk+S+ZHNB1TzdbMJMny6dynpAGt7X/tl/QYq3TIeE6nxHppbo2LGymrG5Pw==
  dependencies:
    p-limit "^3.0.2"

parent-module@^1.0.0:
  version "1.0.1"
  resolved "https://registry.yarnpkg.com/parent-module/-/parent-module-1.0.1.tgz#691d2709e78c79fae3a156622452d00762caaaa2"
  integrity sha512-GQ2EWRpQV8/o+Aw8YqtfZZPfNRWZYkbidE9k5rpl/hC3vtHHBfGm2Ifi6qWV+coDGkrUKZAxE3Lot5kcsRlh+g==
  dependencies:
    callsites "^3.0.0"

parent-module@^2.0.0:
  version "2.0.0"
  resolved "https://registry.yarnpkg.com/parent-module/-/parent-module-2.0.0.tgz#fa71f88ff1a50c27e15d8ff74e0e3a9523bf8708"
  integrity sha512-uo0Z9JJeWzv8BG+tRcapBKNJ0dro9cLyczGzulS6EfeyAdeC9sbojtW6XwvYxJkEne9En+J2XEl4zyglVeIwFg==
  dependencies:
    callsites "^3.1.0"

parse-json@^5.0.0:
  version "5.2.0"
  resolved "https://registry.yarnpkg.com/parse-json/-/parse-json-5.2.0.tgz#c76fc66dee54231c962b22bcc8a72cf2f99753cd"
  integrity sha512-ayCKvm/phCGxOkYRSCM82iDwct8/EonSEgCSxWxD7ve6jHggsFl4fZVQBPRNgQoKiuV/odhFrGzQXZwbifC8Rg==
  dependencies:
    "@babel/code-frame" "^7.0.0"
    error-ex "^1.3.1"
    json-parse-even-better-errors "^2.3.0"
    lines-and-columns "^1.1.6"

path-exists@^4.0.0:
  version "4.0.0"
  resolved "https://registry.yarnpkg.com/path-exists/-/path-exists-4.0.0.tgz#513bdbe2d3b95d7762e8c1137efa195c6c61b5b3"
  integrity sha512-ak9Qy5Q7jYb2Wwcey5Fpvg2KoAc/ZIhLSLOSBmRmygPsGwkVVt0fZa0qrtMz+m6tJTAHfZQ8FnmB4MG4LWy7/w==

path-is-absolute@^1.0.0:
  version "1.0.1"
  resolved "https://registry.yarnpkg.com/path-is-absolute/-/path-is-absolute-1.0.1.tgz#174b9268735534ffbc7ace6bf53a5a9e1b5c5f5f"
  integrity sha1-F0uSaHNVNP+8es5r9TpanhtcX18=

path-type@^4.0.0:
  version "4.0.0"
  resolved "https://registry.yarnpkg.com/path-type/-/path-type-4.0.0.tgz#84ed01c0a7ba380afe09d90a8c180dcd9d03043b"
  integrity sha512-gDKb8aZMDeD/tZWs9P6+q0J9Mwkdl6xMV8TjnGP3qJVJ06bdMgkbBlLU8IdfOsIsFz2BW1rNVT3XuNEl8zPAvw==

picomatch@^2.3.1:
  version "2.3.1"
  resolved "https://registry.yarnpkg.com/picomatch/-/picomatch-2.3.1.tgz#3ba3833733646d9d3e4995946c1365a67fb07a42"
  integrity sha512-JU3teHTNjmE2VCGFzuY8EXzCDVwEqB2a8fsIvwaStHhAWJEeVd1o1QD80CU6+ZdEXXSLbSsuLwJjkCBWqRQUVA==

repeat-string@^1.6.1:
  version "1.6.1"
  resolved "https://registry.yarnpkg.com/repeat-string/-/repeat-string-1.6.1.tgz#8dcae470e1c88abc2d600fff4a776286da75e637"
  integrity sha1-jcrkcOHIirwtYA//Sndihtp15jc=

resolve-from@^4.0.0:
  version "4.0.0"
  resolved "https://registry.yarnpkg.com/resolve-from/-/resolve-from-4.0.0.tgz#4abcd852ad32dd7baabfe9b40e00a36db5f392e6"
  integrity sha512-pb/MYmXstAkysRFx8piNI1tGFNQIFA3vkE3Gq4EuA1dF6gHp/+vgZqsCGJapvy8N3Q+4o7FwvquPJcnZ7RYy4g==

resolve-from@^5.0.0:
  version "5.0.0"
  resolved "https://registry.yarnpkg.com/resolve-from/-/resolve-from-5.0.0.tgz#c35225843df8f776df21c57557bc087e9dfdfc69"
  integrity sha512-qYg9KP24dD5qka9J47d0aVky0N+b4fTU89LN9iDnjB5waksiC49rvMB0PrUJQGoTmH50XPiqOvAjDfaijGxYZw==

resolve-global@^1.0.0:
  version "1.0.0"
  resolved "https://registry.yarnpkg.com/resolve-global/-/resolve-global-1.0.0.tgz#a2a79df4af2ca3f49bf77ef9ddacd322dad19255"
  integrity sha512-zFa12V4OLtT5XUX/Q4VLvTfBf+Ok0SPc1FNGM/z9ctUdiU618qwKpWnd0CHs3+RqROfyEg/DhuHbMWYqcgljEw==
  dependencies:
    global-dirs "^0.1.1"

rimraf@^3.0.2:
  version "3.0.2"
  resolved "https://registry.yarnpkg.com/rimraf/-/rimraf-3.0.2.tgz#f1a5402ba6220ad52cc1282bac1ae3aa49fd061a"
  integrity sha512-JZkJMZkAGFFPP2YqXZXPbMlMBgsxzE8ILs4lMIX/2o0L9UBw9O/Y3o6wFw/i9YLapcUJWwqbi3kdxIPdC62TIA==
  dependencies:
    glob "^7.1.3"

semver@^6.0.0:
  version "6.3.0"
  resolved "https://registry.yarnpkg.com/semver/-/semver-6.3.0.tgz#ee0a64c8af5e8ceea67687b133761e1becbd1d3d"
  integrity sha512-b39TBaTSfV6yBrapU89p5fKekE2m/NwnDocOVruQFS1/veMgdzuPcnOM34M6CwxW8jH/lxEa5rBoDeUwu5HHTw==

semver@^7.3.5:
  version "7.3.5"
  resolved "https://registry.yarnpkg.com/semver/-/semver-7.3.5.tgz#0b621c879348d8998e4b0e4be94b3f12e6018ef7"
  integrity sha512-PoeGJYh8HK4BTO/a9Tf6ZG3veo/A7ZVsYrSA6J8ny9nb3B1VrpkuN+z9OE5wfE5p6H4LchYZsegiQgbJD94ZFQ==
  dependencies:
    lru-cache "^6.0.0"

signal-exit@^3.0.2:
  version "3.0.7"
  resolved "https://registry.yarnpkg.com/signal-exit/-/signal-exit-3.0.7.tgz#a9a1767f8af84155114eaabd73f99273c8f59ad9"
  integrity sha512-wnD2ZE+l+SPC/uoS0vXeE9L1+0wuaMqKlfz9AMUo38JsyLSBWSFcHR1Rri62LZc12vLr1gb3jl7iwQhgwpAbGQ==

strip-ansi@^6.0.1:
  version "6.0.1"
  resolved "https://registry.yarnpkg.com/strip-ansi/-/strip-ansi-6.0.1.tgz#9e26c63d30f53443e9489495b2105d37b67a85d9"
  integrity sha512-Y38VPSHcqkFrCpFnQ9vuSXmquuv5oXOKpGeT6aGrr3o3Gc9AlVa6JBfUSOCnbxGGZF+/0ooI7KrPuUSztUdU5A==
  dependencies:
    ansi-regex "^5.0.1"

supports-color@^5.3.0:
  version "5.5.0"
  resolved "https://registry.yarnpkg.com/supports-color/-/supports-color-5.5.0.tgz#e2e69a44ac8772f78a1ec0b35b689df6530efc8f"
  integrity sha512-QjVjwdXIt408MIiAqCX4oUKsgU2EqAGzs2Ppkm4aQYbjm+ZEWEcW4SfFNTr4uMNZma0ey4f5lgLrkB0aX0QMow==
  dependencies:
    has-flag "^3.0.0"

supports-color@^7.1.0:
  version "7.2.0"
  resolved "https://registry.yarnpkg.com/supports-color/-/supports-color-7.2.0.tgz#1b7dcdcb32b8138801b3e478ba6a51caa89648da"
  integrity sha512-qpCAvRl9stuOHveKsn7HncJRvv501qIacKzQlO/+Lwxc9+0q2wLyv4Dfvt80/DPn2pqOBsJdDiogXGR9+OvwRw==
  dependencies:
    has-flag "^4.0.0"

to-regex-range@^5.0.1:
  version "5.0.1"
  resolved "https://registry.yarnpkg.com/to-regex-range/-/to-regex-range-5.0.1.tgz#1648c44aae7c8d988a326018ed72f5b4dd0392e4"
  integrity sha512-65P7iz6X5yEr1cwcgvQxbbIw7Uk3gOy5dIdtZ4rDveLqhrdJP+Li/Hx6tyK0NEb+2GCyneCMJiGqrADCSNk8sQ==
  dependencies:
    is-number "^7.0.0"

typedarray-to-buffer@^3.1.5:
  version "3.1.5"
  resolved "https://registry.yarnpkg.com/typedarray-to-buffer/-/typedarray-to-buffer-3.1.5.tgz#a97ee7a9ff42691b9f783ff1bc5112fe3fca9080"
  integrity sha512-zdu8XMNEDepKKR+XYOXAVPtWui0ly0NtohUscw+UmaHiAWT8hrV1rr//H6V+0DvJ3OQ19S979M0laLfX8rm82Q==
  dependencies:
    is-typedarray "^1.0.0"

unique-string@^2.0.0:
  version "2.0.0"
  resolved "https://registry.yarnpkg.com/unique-string/-/unique-string-2.0.0.tgz#39c6451f81afb2749de2b233e3f7c5e8843bd89d"
  integrity sha512-uNaeirEPvpZWSgzwsPGtU2zVSTrn/8L5q/IexZmH0eH6SA73CmAA5U4GwORTxQAZs95TAXLNqeLoPPNO5gZfWg==
  dependencies:
    crypto-random-string "^2.0.0"

universalify@^2.0.0:
  version "2.0.0"
  resolved "https://registry.yarnpkg.com/universalify/-/universalify-2.0.0.tgz#75a4984efedc4b08975c5aeb73f530d02df25717"
  integrity sha512-hAZsKq7Yy11Zu1DE0OzWjw7nnLZmJZYTDZZyEFHZdUhV8FkH5MCfoU1XMaxXovpyW5nq5scPqq0ZDP9Zyl04oQ==

vscode-languageserver-textdocument@^1.0.4:
  version "1.0.4"
  resolved "https://registry.yarnpkg.com/vscode-languageserver-textdocument/-/vscode-languageserver-textdocument-1.0.4.tgz#3cd56dd14cec1d09e86c4bb04b09a246cb3df157"
  integrity sha512-/xhqXP/2A2RSs+J8JNXpiiNVvvNM0oTosNVmQnunlKvq9o4mupHOBAnnzH0lwIPKazXKvAKsVp1kr+H/K4lgoQ==

vscode-uri@^3.0.3:
  version "3.0.3"
  resolved "https://registry.yarnpkg.com/vscode-uri/-/vscode-uri-3.0.3.tgz#a95c1ce2e6f41b7549f86279d19f47951e4f4d84"
  integrity sha512-EcswR2S8bpR7fD0YPeS7r2xXExrScVMxg4MedACaWHEtx9ftCF/qHG1xGkolzTPcEmjTavCQgbVzHUIdTMzFGA==

wrappy@1:
  version "1.0.2"
  resolved "https://registry.yarnpkg.com/wrappy/-/wrappy-1.0.2.tgz#b5243d8f3ec1aa35f1364605bc0d1036e30ab69f"
  integrity sha1-tSQ9jz7BqjXxNkYFvA0QNuMKtp8=

write-file-atomic@^3.0.0:
  version "3.0.3"
  resolved "https://registry.yarnpkg.com/write-file-atomic/-/write-file-atomic-3.0.3.tgz#56bd5c5a5c70481cd19c571bd39ab965a5de56e8"
  integrity sha512-AvHcyZ5JnSfq3ioSyjrBkH9yW4m7Ayk8/9My/DD9onKeu/94fwrMocemO2QAJFAlnnDN+ZDS+ZjAR5ua1/PV/Q==
  dependencies:
    imurmurhash "^0.1.4"
    is-typedarray "^1.0.0"
    signal-exit "^3.0.2"
    typedarray-to-buffer "^3.1.5"

xdg-basedir@^4.0.0:
  version "4.0.0"
  resolved "https://registry.yarnpkg.com/xdg-basedir/-/xdg-basedir-4.0.0.tgz#4bc8d9984403696225ef83a1573cbbcb4e79db13"
  integrity sha512-PSNhEJDejZYV7h50BohL09Er9VaIefr2LMAf3OEmpCkjOi34eYyQYAXUTjEQtZJTKcF0E2UKTh+osDLsgNim9Q==

yallist@^4.0.0:
  version "4.0.0"
  resolved "https://registry.yarnpkg.com/yallist/-/yallist-4.0.0.tgz#9bb92790d9c0effec63be73519e11a35019a3a72"
  integrity sha512-3wdGidZyq5PB084XLES5TpOSRA3wjXAlIWMhum2kRcv/41Sn2emQ0dycQW4uZXLejwKvg6EsvbdlVL+FYEct7A==

yaml@^1.10.0:
  version "1.10.2"
  resolved "https://registry.yarnpkg.com/yaml/-/yaml-1.10.2.tgz#2301c5ffbf12b467de8da2333a459e29e7920e4b"
  integrity sha512-r3vXyErRCYJ7wg28yvBY5VSoAF8ZvlcW9/BwUzEtUsjvX/DKs24dIkuwjtuprwJJHsbyUbLApepYTR1BN4uHrg==

yocto-queue@^0.1.0:
  version "0.1.0"
  resolved "https://registry.yarnpkg.com/yocto-queue/-/yocto-queue-0.1.0.tgz#0294eb3dee05028d31ee1a5fa2c556a6aaf10a1b"
  integrity sha512-rVksvsnNCdJ/ohGc6xgPwyN8eheCxsiLM8mxuE/t/mOVqJewPuO1miLpTHQiRgTKCLexL4MeAFVagts7HmNZ2Q==
